
Microsoft Visual Studio Solution File, Format Version 12.00
# Visual Studio Version 16
VisualStudioVersion = 16.0.30406.217
MinimumVisualStudioVersion = 10.0.40219.1
Project("{FAE04EC0-301F-11D3-BF4B-00C04F79EFBC}") = "DTO", "DTO.csproj", "{2350907A-E21F-4F5F-9523-8115B3B1B697}"
EndProject
Global
	GlobalSection(SolutionConfigurationPlatforms) = preSolution
		Debug|Any CPU = Debug|Any CPU
		Release|Any CPU = Release|Any CPU
	EndGlobalSection
	GlobalSection(ProjectConfigurationPlatforms) = postSolution
		{2350907A-E21F-4F5F-9523-8115B3B1B697}.Debug|Any CPU.ActiveCfg = Debug|Any CPU
		{2350907A-E21F-4F5F-9523-8115B3B1B697}.Debug|Any CPU.Build.0 = Debug|Any CPU
		{2350907A-E21F-4F5F-9523-8115B3B1B697}.Release|Any CPU.ActiveCfg = Release|Any CPU
		{2350907A-E21F-4F5F-9523-8115B3B1B697}.Release|Any CPU.Build.0 = Release|Any CPU
	EndGlobalSection
	GlobalSection(SolutionProperties) = preSolution
		HideSolutionNode = FALSE
	EndGlobalSection
	GlobalSection(ExtensibilityGlobals) = postSolution
		SolutionGuid = {4C5A2A69-F809-4D4F-AAC2-677CBD2254B2}
	EndGlobalSection
EndGlobal
